
Microsoft Visual Studio Solution File, Format Version 12.00
# Visual Studio 15
VisualStudioVersion = 15.0.26228.9
MinimumVisualStudioVersion = 10.0.40219.1
Project("{FAE04EC0-301F-11D3-BF4B-00C04F79EFBC}") = "Rotating Sprites", "Rotating Sprites\Rotating Sprites.csproj", "{3C5771FB-46DC-4BD7-9307-EA92B0DCE6EB}"
EndProject
Global
	GlobalSection(SolutionConfigurationPlatforms) = preSolution
		Debug|x86 = Debug|x86
		Release|x86 = Release|x86
	EndGlobalSection
	GlobalSection(ProjectConfigurationPlatforms) = postSolution
		{3C5771FB-46DC-4BD7-9307-EA92B0DCE6EB}.Debug|x86.ActiveCfg = Debug|x86
		{3C5771FB-46DC-4BD7-9307-EA92B0DCE6EB}.Debug|x86.Build.0 = Debug|x86
		{3C5771FB-46DC-4BD7-9307-EA92B0DCE6EB}.Release|x86.ActiveCfg = Release|x86
		{3C5771FB-46DC-4BD7-9307-EA92B0DCE6EB}.Release|x86.Build.0 = Release|x86
	EndGlobalSection
	GlobalSection(SolutionProperties) = preSolution
		HideSolutionNode = FALSE
	EndGlobalSection
EndGlobal
